// !$*UTF8*$!
{
	archiveVersion = 1;
	classes = {
	};
	objectVersion = 46;
	objects = {

/* Begin PBXBuildFile section */
		154B05E91BBB1BCC00004538 /* AppDelegate.swift in Sources */ = {isa = PBXBuildFile; fileRef = 154B05E81BBB1BCC00004538 /* AppDelegate.swift */; };
		154B05EB1BBB1BCC00004538 /* ViewController.swift in Sources */ = {isa = PBXBuildFile; fileRef = 154B05EA1BBB1BCC00004538 /* ViewController.swift */; };
		154B05EE1BBB1BCC00004538 /* Main.storyboard in Resources */ = {isa = PBXBuildFile; fileRef = 154B05EC1BBB1BCC00004538 /* Main.storyboard */; };
		154B05F01BBB1BCC00004538 /* Assets.xcassets in Resources */ = {isa = PBXBuildFile; fileRef = 154B05EF1BBB1BCC00004538 /* Assets.xcassets */; };
		154B05F81BBB1BDF00004538 /* people.json in Resources */ = {isa = PBXBuildFile; fileRef = 154B05F71BBB1BDF00004538 /* people.json */; };
/* End PBXBuildFile section */

/* Begin PBXFileReference section */
		154B05E51BBB1BCC00004538 /* LuckMachine.app */ = {isa = PBXFileReference; explicitFileType = wrapper.application; includeInIndex = 0; path = LuckMachine.app; sourceTree = BUILT_PRODUCTS_DIR; };
		154B05E81BBB1BCC00004538 /* AppDelegate.swift */ = {isa = PBXFileReference; lastKnownFileType = sourcecode.swift; path = AppDelegate.swift; sourceTree = "<group>"; };
		154B05EA1BBB1BCC00004538 /* ViewController.swift */ = {isa = PBXFileReference; lastKnownFileType = sourcecode.swift; path = ViewController.swift; sourceTree = "<group>"; };
		154B05ED1BBB1BCC00004538 /* Base */ = {isa = PBXFileReference; lastKnownFileType = file.storyboard; name = Base; path = Base.lproj/Main.storyboard; sourceTree = "<group>"; };
		154B05EF1BBB1BCC00004538 /* Assets.xcassets */ = {isa = PBXFileReference; lastKnownFileType = folder.assetcatalog; path = Assets.xcassets; sourceTree = "<group>"; };
		154B05F11BBB1BCC00004538 /* Info.plist */ = {isa = PBXFileReference; lastKnownFileType = text.plist.xml; path = Info.plist; sourceTree = "<group>"; };
		154B05F71BBB1BDF00004538 /* people.json */ = {isa = PBXFileReference; fileEncoding = 4; lastKnownFileType = text.json; path = people.json; sourceTree = "<group>"; };
/* End PBXFileReference section */

/* Begin PBXFrameworksBuildPhase section */
		154B05E21BBB1BCC00004538 /* Frameworks */ = {
			isa = PBXFrameworksBuildPhase;
			buildActionMask = 2147483647;
			files = (
			);
			runOnlyForDeploymentPostprocessing = 0;
		};
/* End PBXFrameworksBuildPhase section */

/* Begin PBXGroup section */
		154B05DC1BBB1BCC00004538 = {
			isa = PBXGroup;
			children = (
				154B05E71BBB1BCC00004538 /* LuckMachine */,
				154B05E61BBB1BCC00004538 /* Products */,
			);
			sourceTree = "<group>";
		};
		154B05E61BBB1BCC00004538 /* Products */ = {
			isa = PBXGroup;
			children = (
				154B05E51BBB1BCC00004538 /* LuckMachine.app */,
			);
			name = Products;
			sourceTree = "<group>";
		};
		154B05E71BBB1BCC00004538 /* LuckMachine */ = {
			isa = PBXGroup;
			children = (
				154B05E81BBB1BCC00004538 /* AppDelegate.swift */,
				154B05EA1BBB1BCC00004538 /* ViewController.swift */,
				154B05EC1BBB1BCC00004538 /* Main.storyboard */,
				154B05EF1BBB1BCC00004538 /* Assets.xcassets */,
				154B05F11BBB1BCC00004538 /* Info.plist */,
				154B05F71BBB1BDF00004538 /* people.json */,
			);
			path = LuckMachine;
			sourceTree = "<group>";
		};
/* End PBXGroup section */

/* Begin PBXNativeTarget section */
		154B05E41BBB1BCC00004538 /* LuckMachine */ = {
			isa = PBXNativeTarget;
			buildConfigurationList = 154B05F41BBB1BCC00004538 /* Build configuration list for PBXNativeTarget "LuckMachine" */;
			buildPhases = (
				154B05E11BBB1BCC00004538 /* Sources */,
				154B05E21BBB1BCC00004538 /* Frameworks */,
				154B05E31BBB1BCC00004538 /* Resources */,
			);
			buildRules = (
			);
			dependencies = (
			);
			name = LuckMachine;
			productName = LuckMachine;
			productReference = 154B05E51BBB1BCC00004538 /* LuckMachine.app */;
			productType = "com.apple.product-type.application";
		};
/* End PBXNativeTarget section */

/* Begin PBXProject section */
		154B05DD1BBB1BCC00004538 /* Project object */ = {
			isa = PBXProject;
			attributes = {
				LastUpgradeCheck = 0710;
				ORGANIZATIONNAME = bgondim;
				TargetAttributes = {
					154B05E41BBB1BCC00004538 = {
						CreatedOnToolsVersion = 7.1;
					};
				};
			};
			buildConfigurationList = 154B05E01BBB1BCC00004538 /* Build configuration list for PBXProject "LuckMachine" */;
			compatibilityVersion = "Xcode 3.2";
			developmentRegion = English;
			hasScannedForEncodings = 0;
			knownRegions = (
				en,
				Base,
			);
			mainGroup = 154B05DC1BBB1BCC00004538;
			productRefGroup = 154B05E61BBB1BCC00004538 /* Products */;
			projectDirPath = "";
			projectRoot = "";
			targets = (
				154B05E41BBB1BCC00004538 /* LuckMachine */,
			);
		};
/* End PBXProject section */

/* Begin PBXResourcesBuildPhase section */
		154B05E31BBB1BCC00004538 /* Resources */ = {
			isa = PBXResourcesBuildPhase;
			buildActionMask = 2147483647;
			files = (
				154B05F01BBB1BCC00004538 /* Assets.xcassets in Resources */,
				154B05EE1BBB1BCC00004538 /* Main.storyboard in Resources */,
				154B05F81BBB1BDF00004538 /* people.json in Resources */,
			);
			runOnlyForDeploymentPostprocessing = 0;
		};
/* End PBXResourcesBuildPhase section */

/* Begin PBXSourcesBuildPhase section */
		154B05E11BBB1BCC00004538 /* Sources */ = {
			isa = PBXSourcesBuildPhase;
			buildActionMask = 2147483647;
			files = (
				154B05EB1BBB1BCC00004538 /* ViewController.swift in Sources */,
				154B05E91BBB1BCC00004538 /* AppDelegate.swift in Sources */,
			);
			runOnlyForDeploymentPostprocessing = 0;
		};
/* End PBXSourcesBuildPhase section */

/* Begin PBXVariantGroup section */
		154B05EC1BBB1BCC00004538 /* Main.storyboard */ = {
			isa = PBXVariantGroup;
			children = (
				154B05ED1BBB1BCC00004538 /* Base */,
			);
			name = Main.storyboard;
			sourceTree = "<group>";
		};
/* End PBXVariantGroup section */

/* Begin XCBuildConfiguration section */
		154B05F21BBB1BCC00004538 /* Debug */ = {
			isa = XCBuildConfiguration;
			buildSettings = {
				ALWAYS_SEARCH_USER_PATHS = NO;
				CLANG_CXX_LANGUAGE_STANDARD = "gnu++0x";
				CLANG_CXX_LIBRARY = "libc++";
				CLANG_ENABLE_MODULES = YES;
				CLANG_ENABLE_OBJC_ARC = YES;
				CLANG_WARN_BOOL_CONVERSION = YES;
				CLANG_WARN_CONSTANT_CONVERSION = YES;
				CLANG_WARN_DIRECT_OBJC_ISA_USAGE = YES_ERROR;
				CLANG_WARN_EMPTY_BODY = YES;
				CLANG_WARN_ENUM_CONVERSION = YES;
				CLANG_WARN_INT_CONVERSION = YES;
				CLANG_WARN_OBJC_ROOT_CLASS = YES_ERROR;
				CLANG_WARN_UNREACHABLE_CODE = YES;
				CLANG_WARN__DUPLICATE_METHOD_MATCH = YES;
				COPY_PHASE_STRIP = NO;
				DEBUG_INFORMATION_FORMAT = dwarf;
				ENABLE_STRICT_OBJC_MSGSEND = YES;
				ENABLE_TESTABILITY = YES;
				GCC_C_LANGUAGE_STANDARD = gnu99;
				GCC_DYNAMIC_NO_PIC = NO;
				GCC_NO_COMMON_BLOCKS = YES;
				GCC_OPTIMIZATION_LEVEL = 0;
				GCC_PREPROCESSOR_DEFINITIONS = (
					"DEBUG=1",
					"$(inherited)",
				);
				GCC_WARN_64_TO_32_BIT_CONVERSION = YES;
				GCC_WARN_ABOUT_RETURN_TYPE = YES_ERROR;
				GCC_WARN_UNDECLARED_SELECTOR = YES;
				GCC_WARN_UNINITIALIZED_AUTOS = YES_AGGRESSIVE;
				GCC_WARN_UNUSED_FUNCTION = YES;
				GCC_WARN_UNUSED_VARIABLE = YES;
				MTL_ENABLE_DEBUG_INFO = YES;
				ONLY_ACTIVE_ARCH = YES;
				SDKROOT = appletvos;
				SWIFT_OPTIMIZATION_LEVEL = "-Onone";
				TARGETED_DEVICE_FAMILY = 3;
				TVOS_DEPLOYMENT_TARGET = 9.0;
			};
			name = Debug;
		};
		154B05F31BBB1BCC00004538 /* Release */ = {
			isa = XCBuildConfiguration;
			buildSettings = {
				ALWAYS_SEARCH_USER_PATHS = NO;
				CLANG_CXX_LANGUAGE_STANDARD = "gnu++0x";
				CLANG_CXX_LIBRARY = "libc++";
				CLANG_ENABLE_MODULES = YES;
				CLANG_ENABLE_OBJC_ARC = YES;
				CLANG_WARN_BOOL_CONVERSION = YES;
				CLANG_WARN_CONSTANT_CONVERSION = YES;
				CLANG_WARN_DIRECT_OBJC_ISA_USAGE = YES_ERROR;
				CLANG_WARN_EMPTY_BODY = YES;
				CLANG_WARN_ENUM_CONVERSION = YES;
				CLANG_WARN_INT_CONVERSION = YES;
				CLANG_WARN_OBJC_ROOT_CLASS = YES_ERROR;
				CLANG_WARN_UNREACHABLE_CODE = YES;
				CLANG_WARN__DUPLICATE_METHOD_MATCH = YES;
				COPY_PHASE_STRIP = NO;
				DEBUG_INFORMATION_FORMAT = "dwarf-with-dsym";
				ENABLE_NS_ASSERTIONS = NO;
				ENABLE_STRICT_OBJC_MSGSEND = YES;
				GCC_C_LANGUAGE_STANDARD = gnu99;
				GCC_NO_COMMON_BLOCKS = YES;
				GCC_WARN_64_TO_32_BIT_CONVERSION = YES;
				GCC_WARN_ABOUT_RETURN_TYPE = YES_ERROR;
				GCC_WARN_UNDECLARED_SELECTOR = YES;
				GCC_WARN_UNINITIALIZED_AUTOS = YES_AGGRESSIVE;
				GCC_WARN_UNUSED_FUNCTION = YES;
				GCC_WARN_UNUSED_VARIABLE = YES;
				MTL_ENABLE_DEBUG_INFO = NO;
				SDKROOT = appletvos;
				TARGETED_DEVICE_FAMILY = 3;
				TVOS_DEPLOYMENT_TARGET = 9.0;
				VALIDATE_PRODUCT = YES;
			};
			name = Release;
		};
		154B05F51BBB1BCC00004538 /* Debug */ = {
			isa = XCBuildConfiguration;
			buildSettings = {
				ASSETCATALOG_COMPILER_APPICON_NAME = "App Icon & Top Shelf Image";
				ASSETCATALOG_COMPILER_LAUNCHIMAGE_NAME = LaunchImage;
				INFOPLIST_FILE = LuckMachine/Info.plist;
				LD_RUNPATH_SEARCH_PATHS = "$(inherited) @executable_path/Frameworks";
				PRODUCT_BUNDLE_IDENTIFIER = br.com.bgondim.LuckMachine;
				PRODUCT_NAME = "$(TARGET_NAME)";
			};
			name = Debug;
		};
		154B05F61BBB1BCC00004538 /* Release */ = {
			isa = XCBuildConfiguration;
			buildSettings = {
				ASSETCATALOG_COMPILER_APPICON_NAME = "App Icon & Top Shelf Image";
				ASSETCATALOG_COMPILER_LAUNCHIMAGE_NAME = LaunchImage;
				INFOPLIST_FILE = LuckMachine/Info.plist;
				LD_RUNPATH_SEARCH_PATHS = "$(inherited) @executable_path/Frameworks";
				PRODUCT_BUNDLE_IDENTIFIER = br.com.bgondim.LuckMachine;
				PRODUCT_NAME = "$(TARGET_NAME)";
			};
			name = Release;
		};
/* End XCBuildConfiguration section */

/* Begin XCConfigurationList section */
		154B05E01BBB1BCC00004538 /* Build configuration list for PBXProject "LuckMachine" */ = {
			isa = XCConfigurationList;
			buildConfigurations = (
				154B05F21BBB1BCC00004538 /* Debug */,
				154B05F31BBB1BCC00004538 /* Release */,
			);
			defaultConfigurationIsVisible = 0;
			defaultConfigurationName = Release;
		};
		154B05F41BBB1BCC00004538 /* Build configuration list for PBXNativeTarget "LuckMachine" */ = {
			isa = XCConfigurationList;
			buildConfigurations = (
				154B05F51BBB1BCC00004538 /* Debug */,
				154B05F61BBB1BCC00004538 /* Release */,
			);
			defaultConfigurationIsVisible = 0;
			defaultConfigurationName = Release;
		};
/* End XCConfigurationList section */
	};
	rootObject = 154B05DD1BBB1BCC00004538 /* Project object */;
}
